// !$*UTF8*$!
{
	archiveVersion = 1;
	classes = {
	};
	objectVersion = 46;
	objects = {

/* Begin PBXBuildFile section */
		A2C3D1AA1D3890A5008C4B40 /* main.m in Sources */ = {isa = PBXBuildFile; fileRef = A2C3D1A91D3890A5008C4B40 /* main.m */; };
		A2C3D1AD1D3890A5008C4B40 /* AppDelegate.m in Sources */ = {isa = PBXBuildFile; fileRef = A2C3D1AC1D3890A5008C4B40 /* AppDelegate.m */; };
		A2C3D1B01D3890A5008C4B40 /* ViewController.m in Sources */ = {isa = PBXBuildFile; fileRef = A2C3D1AF1D3890A5008C4B40 /* ViewController.m */; };
		A2C3D1B31D3890A5008C4B40 /* Main.storyboard in Resources */ = {isa = PBXBuildFile; fileRef = A2C3D1B11D3890A5008C4B40 /* Main.storyboard */; };
		A2C3D1B61D3890A5008C4B40 /* CoreDataSpike.xcdatamodeld in Sources */ = {isa = PBXBuildFile; fileRef = A2C3D1B41D3890A5008C4B40 /* CoreDataSpike.xcdatamodeld */; };
		A2C3D1B81D3890A5008C4B40 /* Assets.xcassets in Resources */ = {isa = PBXBuildFile; fileRef = A2C3D1B71D3890A5008C4B40 /* Assets.xcassets */; };
		A2C3D1BB1D3890A5008C4B40 /* LaunchScreen.storyboard in Resources */ = {isa = PBXBuildFile; fileRef = A2C3D1B91D3890A5008C4B40 /* LaunchScreen.storyboard */; };
/* End PBXBuildFile section */

/* Begin PBXFileReference section */
		A2C3D1A51D3890A5008C4B40 /* CoreDataSpike.app */ = {isa = PBXFileReference; explicitFileType = wrapper.application; includeInIndex = 0; path = CoreDataSpike.app; sourceTree = BUILT_PRODUCTS_DIR; };
		A2C3D1A91D3890A5008C4B40 /* main.m */ = {isa = PBXFileReference; lastKnownFileType = sourcecode.c.objc; path = main.m; sourceTree = "<group>"; };
		A2C3D1AB1D3890A5008C4B40 /* AppDelegate.h */ = {isa = PBXFileReference; lastKnownFileType = sourcecode.c.h; path = AppDelegate.h; sourceTree = "<group>"; };
		A2C3D1AC1D3890A5008C4B40 /* AppDelegate.m */ = {isa = PBXFileReference; lastKnownFileType = sourcecode.c.objc; path = AppDelegate.m; sourceTree = "<group>"; };
		A2C3D1AE1D3890A5008C4B40 /* ViewController.h */ = {isa = PBXFileReference; lastKnownFileType = sourcecode.c.h; path = ViewController.h; sourceTree = "<group>"; };
		A2C3D1AF1D3890A5008C4B40 /* ViewController.m */ = {isa = PBXFileReference; lastKnownFileType = sourcecode.c.objc; path = ViewController.m; sourceTree = "<group>"; };
		A2C3D1B21D3890A5008C4B40 /* Base */ = {isa = PBXFileReference; lastKnownFileType = file.storyboard; name = Base; path = Base.lproj/Main.storyboard; sourceTree = "<group>"; };
		A2C3D1B51D3890A5008C4B40 /* CoreDataSpike.xcdatamodel */ = {isa = PBXFileReference; lastKnownFileType = wrapper.xcdatamodel; path = CoreDataSpike.xcdatamodel; sourceTree = "<group>"; };
		A2C3D1B71D3890A5008C4B40 /* Assets.xcassets */ = {isa = PBXFileReference; lastKnownFileType = folder.assetcatalog; path = Assets.xcassets; sourceTree = "<group>"; };
		A2C3D1BA1D3890A5008C4B40 /* Base */ = {isa = PBXFileReference; lastKnownFileType = file.storyboard; name = Base; path = Base.lproj/LaunchScreen.storyboard; sourceTree = "<group>"; };
		A2C3D1BC1D3890A5008C4B40 /* Info.plist */ = {isa = PBXFileReference; lastKnownFileType = text.plist.xml; path = Info.plist; sourceTree = "<group>"; };
/* End PBXFileReference section */

/* Begin PBXFrameworksBuildPhase section */
		A2C3D1A21D3890A5008C4B40 /* Frameworks */ = {
			isa = PBXFrameworksBuildPhase;
			buildActionMask = 2147483647;
			files = (
			);
			runOnlyForDeploymentPostprocessing = 0;
		};
/* End PBXFrameworksBuildPhase section */

/* Begin PBXGroup section */
		A2C3D19C1D3890A5008C4B40 = {
			isa = PBXGroup;
			children = (
				A2C3D1A71D3890A5008C4B40 /* CoreDataSpike */,
				A2C3D1A61D3890A5008C4B40 /* Products */,
			);
			sourceTree = "<group>";
		};
		A2C3D1A61D3890A5008C4B40 /* Products */ = {
			isa = PBXGroup;
			children = (
				A2C3D1A51D3890A5008C4B40 /* CoreDataSpike.app */,
			);
			name = Products;
			sourceTree = "<group>";
		};
		A2C3D1A71D3890A5008C4B40 /* CoreDataSpike */ = {
			isa = PBXGroup;
			children = (
				A2C3D1AB1D3890A5008C4B40 /* AppDelegate.h */,
				A2C3D1AC1D3890A5008C4B40 /* AppDelegate.m */,
				A2C3D1AE1D3890A5008C4B40 /* ViewController.h */,
				A2C3D1AF1D3890A5008C4B40 /* ViewController.m */,
				A2C3D1B11D3890A5008C4B40 /* Main.storyboard */,
				A2C3D1B71D3890A5008C4B40 /* Assets.xcassets */,
				A2C3D1B91D3890A5008C4B40 /* LaunchScreen.storyboard */,
				A2C3D1BC1D3890A5008C4B40 /* Info.plist */,
				A2C3D1B41D3890A5008C4B40 /* CoreDataSpike.xcdatamodeld */,
				A2C3D1A81D3890A5008C4B40 /* Supporting Files */,
			);
			path = CoreDataSpike;
			sourceTree = "<group>";
		};
		A2C3D1A81D3890A5008C4B40 /* Supporting Files */ = {
			isa = PBXGroup;
			children = (
				A2C3D1A91D3890A5008C4B40 /* main.m */,
			);
			name = "Supporting Files";
			sourceTree = "<group>";
		};
/* End PBXGroup section */

/* Begin PBXNativeTarget section */
		A2C3D1A41D3890A5008C4B40 /* CoreDataSpike */ = {
			isa = PBXNativeTarget;
			buildConfigurationList = A2C3D1BF1D3890A5008C4B40 /* Build configuration list for PBXNativeTarget "CoreDataSpike" */;
			buildPhases = (
				A2C3D1A11D3890A5008C4B40 /* Sources */,
				A2C3D1A21D3890A5008C4B40 /* Frameworks */,
				A2C3D1A31D3890A5008C4B40 /* Resources */,
			);
			buildRules = (
			);
			dependencies = (
			);
			name = CoreDataSpike;
			productName = CoreDataSpike;
			productReference = A2C3D1A51D3890A5008C4B40 /* CoreDataSpike.app */;
			productType = "com.apple.product-type.application";
		};
/* End PBXNativeTarget section */

/* Begin PBXProject section */
		A2C3D19D1D3890A5008C4B40 /* Project object */ = {
			isa = PBXProject;
			attributes = {
				LastUpgradeCheck = 0730;
				ORGANIZATIONNAME = DNA;
				TargetAttributes = {
					A2C3D1A41D3890A5008C4B40 = {
						CreatedOnToolsVersion = 7.3.1;
					};
				};
			};
			buildConfigurationList = A2C3D1A01D3890A5008C4B40 /* Build configuration list for PBXProject "CoreDataSpike" */;
			compatibilityVersion = "Xcode 3.2";
			developmentRegion = English;
			hasScannedForEncodings = 0;
			knownRegions = (
				en,
				Base,
			);
			mainGroup = A2C3D19C1D3890A5008C4B40;
			productRefGroup = A2C3D1A61D3890A5008C4B40 /* Products */;
			projectDirPath = "";
			projectRoot = "";
			targets = (
				A2C3D1A41D3890A5008C4B40 /* CoreDataSpike */,
			);
		};
/* End PBXProject section */

/* Begin PBXResourcesBuildPhase section */
		A2C3D1A31D3890A5008C4B40 /* Resources */ = {
			isa = PBXResourcesBuildPhase;
			buildActionMask = 2147483647;
			files = (
				A2C3D1BB1D3890A5008C4B40 /* LaunchScreen.storyboard in Resources */,
				A2C3D1B81D3890A5008C4B40 /* Assets.xcassets in Resources */,
				A2C3D1B31D3890A5008C4B40 /* Main.storyboard in Resources */,
			);
			runOnlyForDeploymentPostprocessing = 0;
		};
/* End PBXResourcesBuildPhase section */

/* Begin PBXSourcesBuildPhase section */
		A2C3D1A11D3890A5008C4B40 /* Sources */ = {
			isa = PBXSourcesBuildPhase;
			buildActionMask = 2147483647;
			files = (
				A2C3D1B01D3890A5008C4B40 /* ViewController.m in Sources */,
				A2C3D1B61D3890A5008C4B40 /* CoreDataSpike.xcdatamodeld in Sources */,
				A2C3D1AD1D3890A5008C4B40 /* AppDelegate.m in Sources */,
				A2C3D1AA1D3890A5008C4B40 /* main.m in Sources */,
			);
			runOnlyForDeploymentPostprocessing = 0;
		};
/* End PBXSourcesBuildPhase section */

/* Begin PBXVariantGroup section */
		A2C3D1B11D3890A5008C4B40 /* Main.storyboard */ = {
			isa = PBXVariantGroup;
			children = (
				A2C3D1B21D3890A5008C4B40 /* Base */,
			);
			name = Main.storyboard;
			sourceTree = "<group>";
		};
		A2C3D1B91D3890A5008C4B40 /* LaunchScreen.storyboard */ = {
			isa = PBXVariantGroup;
			children = (
				A2C3D1BA1D3890A5008C4B40 /* Base */,
			);
			name = LaunchScreen.storyboard;
			sourceTree = "<group>";
		};
/* End PBXVariantGroup section */

/* Begin XCBuildConfiguration section */
		A2C3D1BD1D3890A5008C4B40 /* Debug */ = {
			isa = XCBuildConfiguration;
			buildSettings = {
				ALWAYS_SEARCH_USER_PATHS = NO;
				CLANG_ANALYZER_NONNULL = YES;
				CLANG_CXX_LANGUAGE_STANDARD = "gnu++0x";
				CLANG_CXX_LIBRARY = "libc++";
				CLANG_ENABLE_MODULES = YES;
				CLANG_ENABLE_OBJC_ARC = YES;
				CLANG_WARN_BOOL_CONVERSION = YES;
				CLANG_WARN_CONSTANT_CONVERSION = YES;
				CLANG_WARN_DIRECT_OBJC_ISA_USAGE = YES_ERROR;
				CLANG_WARN_EMPTY_BODY = YES;
				CLANG_WARN_ENUM_CONVERSION = YES;
				CLANG_WARN_INT_CONVERSION = YES;
				CLANG_WARN_OBJC_ROOT_CLASS = YES_ERROR;
				CLANG_WARN_UNREACHABLE_CODE = YES;
				CLANG_WARN__DUPLICATE_METHOD_MATCH = YES;
				"CODE_SIGN_IDENTITY[sdk=iphoneos*]" = "iPhone Developer";
				COPY_PHASE_STRIP = NO;
				DEBUG_INFORMATION_FORMAT = dwarf;
				ENABLE_STRICT_OBJC_MSGSEND = YES;
				ENABLE_TESTABILITY = YES;
				GCC_C_LANGUAGE_STANDARD = gnu99;
				GCC_DYNAMIC_NO_PIC = NO;
				GCC_NO_COMMON_BLOCKS = YES;
				GCC_OPTIMIZATION_LEVEL = 0;
				GCC_PREPROCESSOR_DEFINITIONS = (
					"DEBUG=1",
					"$(inherited)",
				);
				GCC_WARN_64_TO_32_BIT_CONVERSION = YES;
				GCC_WARN_ABOUT_RETURN_TYPE = YES_ERROR;
				GCC_WARN_UNDECLARED_SELECTOR = YES;
				GCC_WARN_UNINITIALIZED_AUTOS = YES_AGGRESSIVE;
				GCC_WARN_UNUSED_FUNCTION = YES;
				GCC_WARN_UNUSED_VARIABLE = YES;
				IPHONEOS_DEPLOYMENT_TARGET = 9.3;
				MTL_ENABLE_DEBUG_INFO = YES;
				ONLY_ACTIVE_ARCH = YES;
				SDKROOT = iphoneos;
			};
			name = Debug;
		};
		A2C3D1BE1D3890A5008C4B40 /* Release */ = {
			isa = XCBuildConfiguration;
			buildSettings = {
				ALWAYS_SEARCH_USER_PATHS = NO;
				CLANG_ANALYZER_NONNULL = YES;
				CLANG_CXX_LANGUAGE_STANDARD = "gnu++0x";
				CLANG_CXX_LIBRARY = "libc++";
				CLANG_ENABLE_MODULES = YES;
				CLANG_ENABLE_OBJC_ARC = YES;
				CLANG_WARN_BOOL_CONVERSION = YES;
				CLANG_WARN_CONSTANT_CONVERSION = YES;
				CLANG_WARN_DIRECT_OBJC_ISA_USAGE = YES_ERROR;
				CLANG_WARN_EMPTY_BODY = YES;
				CLANG_WARN_ENUM_CONVERSION = YES;
				CLANG_WARN_INT_CONVERSION = YES;
				CLANG_WARN_OBJC_ROOT_CLASS = YES_ERROR;
				CLANG_WARN_UNREACHABLE_CODE = YES;
				CLANG_WARN__DUPLICATE_METHOD_MATCH = YES;
				"CODE_SIGN_IDENTITY[sdk=iphoneos*]" = "iPhone Developer";
				COPY_PHASE_STRIP = NO;
				DEBUG_INFORMATION_FORMAT = "dwarf-with-dsym";
				ENABLE_NS_ASSERTIONS = NO;
				ENABLE_STRICT_OBJC_MSGSEND = YES;
				GCC_C_LANGUAGE_STANDARD = gnu99;
				GCC_NO_COMMON_BLOCKS = YES;
				GCC_WARN_64_TO_32_BIT_CONVERSION = YES;
				GCC_WARN_ABOUT_RETURN_TYPE = YES_ERROR;
				GCC_WARN_UNDECLARED_SELECTOR = YES;
				GCC_WARN_UNINITIALIZED_AUTOS = YES_AGGRESSIVE;
				GCC_WARN_UNUSED_FUNCTION = YES;
				GCC_WARN_UNUSED_VARIABLE = YES;
				IPHONEOS_DEPLOYMENT_TARGET = 9.3;
				MTL_ENABLE_DEBUG_INFO = NO;
				SDKROOT = iphoneos;
				VALIDATE_PRODUCT = YES;
			};
			name = Release;
		};
		A2C3D1C01D3890A5008C4B40 /* Debug */ = {
			isa = XCBuildConfiguration;
			buildSettings = {
				ASSETCATALOG_COMPILER_APPICON_NAME = AppIcon;
				INFOPLIST_FILE = CoreDataSpike/Info.plist;
				LD_RUNPATH_SEARCH_PATHS = "$(inherited) @executable_path/Frameworks";
				PRODUCT_BUNDLE_IDENTIFIER = com.drumbi.CoreDataSpike;
				PRODUCT_NAME = "$(TARGET_NAME)";
			};
			name = Debug;
		};
		A2C3D1C11D3890A5008C4B40 /* Release */ = {
			isa = XCBuildConfiguration;
			buildSettings = {
				ASSETCATALOG_COMPILER_APPICON_NAME = AppIcon;
				INFOPLIST_FILE = CoreDataSpike/Info.plist;
				LD_RUNPATH_SEARCH_PATHS = "$(inherited) @executable_path/Frameworks";
				PRODUCT_BUNDLE_IDENTIFIER = com.drumbi.CoreDataSpike;
				PRODUCT_NAME = "$(TARGET_NAME)";
			};
			name = Release;
		};
/* End XCBuildConfiguration section */

/* Begin XCConfigurationList section */
		A2C3D1A01D3890A5008C4B40 /* Build configuration list for PBXProject "CoreDataSpike" */ = {
			isa = XCConfigurationList;
			buildConfigurations = (
				A2C3D1BD1D3890A5008C4B40 /* Debug */,
				A2C3D1BE1D3890A5008C4B40 /* Release */,
			);
			defaultConfigurationIsVisible = 0;
			defaultConfigurationName = Release;
		};
		A2C3D1BF1D3890A5008C4B40 /* Build configuration list for PBXNativeTarget "CoreDataSpike" */ = {
			isa = XCConfigurationList;
			buildConfigurations = (
				A2C3D1C01D3890A5008C4B40 /* Debug */,
				A2C3D1C11D3890A5008C4B40 /* Release */,
			);
			defaultConfigurationIsVisible = 0;
		};
/* End XCConfigurationList section */

/* Begin XCVersionGroup section */
		A2C3D1B41D3890A5008C4B40 /* CoreDataSpike.xcdatamodeld */ = {
			isa = XCVersionGroup;
			children = (
				A2C3D1B51D3890A5008C4B40 /* CoreDataSpike.xcdatamodel */,
			);
			currentVersion = A2C3D1B51D3890A5008C4B40 /* CoreDataSpike.xcdatamodel */;
			path = CoreDataSpike.xcdatamodeld;
			sourceTree = "<group>";
			versionGroupType = wrapper.xcdatamodel;
		};
/* End XCVersionGroup section */
	};
	rootObject = A2C3D19D1D3890A5008C4B40 /* Project object */;
}
